// !$*UTF8*$!
{
	archiveVersion = 1;
	classes = {
	};
	objectVersion = 50;
	objects = {

/* Begin PBXBuildFile section */
		FC16CFB12337D6EA00C647AE /* AppDelegate.swift in Sources */ = {isa = PBXBuildFile; fileRef = FC16CFB02337D6EA00C647AE /* AppDelegate.swift */; };
		FC16CFB32337D6EA00C647AE /* MasterViewController.swift in Sources */ = {isa = PBXBuildFile; fileRef = FC16CFB22337D6EA00C647AE /* MasterViewController.swift */; };
		FC16CFB52337D6EB00C647AE /* DetailViewController.swift in Sources */ = {isa = PBXBuildFile; fileRef = FC16CFB42337D6EA00C647AE /* DetailViewController.swift */; };
		FC16CFB82337D6EB00C647AE /* Main.storyboard in Resources */ = {isa = PBXBuildFile; fileRef = FC16CFB62337D6EB00C647AE /* Main.storyboard */; };
		FC16CFBA2337D6EC00C647AE /* Assets.xcassets in Resources */ = {isa = PBXBuildFile; fileRef = FC16CFB92337D6EC00C647AE /* Assets.xcassets */; };
		FC16CFBD2337D6EC00C647AE /* LaunchScreen.storyboard in Resources */ = {isa = PBXBuildFile; fileRef = FC16CFBB2337D6EC00C647AE /* LaunchScreen.storyboard */; };
		FC16CFCE2337DAF700C647AE /* Green Day.jpg in Resources */ = {isa = PBXBuildFile; fileRef = FC16CFC62337DAF700C647AE /* Green Day.jpg */; };
		FC16CFCF2337DAF700C647AE /* All Time Low.jpg in Resources */ = {isa = PBXBuildFile; fileRef = FC16CFC72337DAF700C647AE /* All Time Low.jpg */; };
		FC16CFD02337DAF700C647AE /* Lamborghini Huracán.jpg in Resources */ = {isa = PBXBuildFile; fileRef = FC16CFC82337DAF700C647AE /* Lamborghini Huracán.jpg */; };
		FC16CFD22337DAF700C647AE /* Sleeping With Sirens.jpg in Resources */ = {isa = PBXBuildFile; fileRef = FC16CFCA2337DAF700C647AE /* Sleeping With Sirens.jpg */; };
		FC16CFD32337DAF700C647AE /* 5 Seconds of Summer.jpg in Resources */ = {isa = PBXBuildFile; fileRef = FC16CFCB2337DAF700C647AE /* 5 Seconds of Summer.jpg */; };
		FC16CFD52337DAF700C647AE /* My Chemical Romance.jpg in Resources */ = {isa = PBXBuildFile; fileRef = FC16CFCD2337DAF700C647AE /* My Chemical Romance.jpg */; };
		FC16CFDA2337EA2400C647AE /* Simple Creatures.jpg in Resources */ = {isa = PBXBuildFile; fileRef = FC16CFD62337EA2400C647AE /* Simple Creatures.jpg */; };
		FC16CFDB2337EA2400C647AE /* Danny Phantom.jpg in Resources */ = {isa = PBXBuildFile; fileRef = FC16CFD72337EA2400C647AE /* Danny Phantom.jpg */; };
		FC16CFDC2337EA2400C647AE /* Waterparks.jpg in Resources */ = {isa = PBXBuildFile; fileRef = FC16CFD82337EA2400C647AE /* Waterparks.jpg */; };
		FC16CFDD2337EA2400C647AE /* St. Louis Cardinals.jpg in Resources */ = {isa = PBXBuildFile; fileRef = FC16CFD92337EA2400C647AE /* St. Louis Cardinals.jpg */; };
/* End PBXBuildFile section */

/* Begin PBXFileReference section */
		FC16CFAD2337D6EA00C647AE /* MyFavBands.app */ = {isa = PBXFileReference; explicitFileType = wrapper.application; includeInIndex = 0; path = MyFavBands.app; sourceTree = BUILT_PRODUCTS_DIR; };
		FC16CFB02337D6EA00C647AE /* AppDelegate.swift */ = {isa = PBXFileReference; lastKnownFileType = sourcecode.swift; path = AppDelegate.swift; sourceTree = "<group>"; };
		FC16CFB22337D6EA00C647AE /* MasterViewController.swift */ = {isa = PBXFileReference; lastKnownFileType = sourcecode.swift; path = MasterViewController.swift; sourceTree = "<group>"; };
		FC16CFB42337D6EA00C647AE /* DetailViewController.swift */ = {isa = PBXFileReference; lastKnownFileType = sourcecode.swift; path = DetailViewController.swift; sourceTree = "<group>"; };
		FC16CFB72337D6EB00C647AE /* Base */ = {isa = PBXFileReference; lastKnownFileType = file.storyboard; name = Base; path = Base.lproj/Main.storyboard; sourceTree = "<group>"; };
		FC16CFB92337D6EC00C647AE /* Assets.xcassets */ = {isa = PBXFileReference; lastKnownFileType = folder.assetcatalog; path = Assets.xcassets; sourceTree = "<group>"; };
		FC16CFBC2337D6EC00C647AE /* Base */ = {isa = PBXFileReference; lastKnownFileType = file.storyboard; name = Base; path = Base.lproj/LaunchScreen.storyboard; sourceTree = "<group>"; };
		FC16CFBE2337D6EC00C647AE /* Info.plist */ = {isa = PBXFileReference; lastKnownFileType = text.plist.xml; path = Info.plist; sourceTree = "<group>"; };
		FC16CFC62337DAF700C647AE /* Green Day.jpg */ = {isa = PBXFileReference; lastKnownFileType = image.jpeg; name = "Green Day.jpg"; path = "../../../Downloads/Green Day.jpg"; sourceTree = "<group>"; };
		FC16CFC72337DAF700C647AE /* All Time Low.jpg */ = {isa = PBXFileReference; lastKnownFileType = image.jpeg; name = "All Time Low.jpg"; path = "../../../Downloads/All Time Low.jpg"; sourceTree = "<group>"; };
		FC16CFC82337DAF700C647AE /* Lamborghini Huracán.jpg */ = {isa = PBXFileReference; lastKnownFileType = image.jpeg; name = "Lamborghini Huracán.jpg"; path = "../../../Downloads/Lamborghini Huracán.jpg"; sourceTree = "<group>"; };
		FC16CFCA2337DAF700C647AE /* Sleeping With Sirens.jpg */ = {isa = PBXFileReference; lastKnownFileType = image.jpeg; name = "Sleeping With Sirens.jpg"; path = "../../../Downloads/Sleeping With Sirens.jpg"; sourceTree = "<group>"; };
		FC16CFCB2337DAF700C647AE /* 5 Seconds of Summer.jpg */ = {isa = PBXFileReference; lastKnownFileType = image.jpeg; name = "5 Seconds of Summer.jpg"; path = "../../../Downloads/5 Seconds of Summer.jpg"; sourceTree = "<group>"; };
		FC16CFCD2337DAF700C647AE /* My Chemical Romance.jpg */ = {isa = PBXFileReference; lastKnownFileType = image.jpeg; name = "My Chemical Romance.jpg"; path = "../../../Downloads/My Chemical Romance.jpg"; sourceTree = "<group>"; };
		FC16CFD62337EA2400C647AE /* Simple Creatures.jpg */ = {isa = PBXFileReference; lastKnownFileType = image.jpeg; name = "Simple Creatures.jpg"; path = "../../Simple Creatures.jpg"; sourceTree = "<group>"; };
		FC16CFD72337EA2400C647AE /* Danny Phantom.jpg */ = {isa = PBXFileReference; lastKnownFileType = image.jpeg; name = "Danny Phantom.jpg"; path = "../../Danny Phantom.jpg"; sourceTree = "<group>"; };
		FC16CFD82337EA2400C647AE /* Waterparks.jpg */ = {isa = PBXFileReference; lastKnownFileType = image.jpeg; name = Waterparks.jpg; path = ../../Waterparks.jpg; sourceTree = "<group>"; };
		FC16CFD92337EA2400C647AE /* St. Louis Cardinals.jpg */ = {isa = PBXFileReference; lastKnownFileType = image.jpeg; name = "St. Louis Cardinals.jpg"; path = "../../St. Louis Cardinals.jpg"; sourceTree = "<group>"; };
/* End PBXFileReference section */

/* Begin PBXFrameworksBuildPhase section */
		FC16CFAA2337D6EA00C647AE /* Frameworks */ = {
			isa = PBXFrameworksBuildPhase;
			buildActionMask = 2147483647;
			files = (
			);
			runOnlyForDeploymentPostprocessing = 0;
		};
/* End PBXFrameworksBuildPhase section */

/* Begin PBXGroup section */
		FC16CFA42337D6EA00C647AE = {
			isa = PBXGroup;
			children = (
				FC16CFC52337DADA00C647AE /* images */,
				FC16CFAF2337D6EA00C647AE /* MyFavBands */,
				FC16CFAE2337D6EA00C647AE /* Products */,
			);
			sourceTree = "<group>";
		};
		FC16CFAE2337D6EA00C647AE /* Products */ = {
			isa = PBXGroup;
			children = (
				FC16CFAD2337D6EA00C647AE /* MyFavBands.app */,
			);
			name = Products;
			sourceTree = "<group>";
		};
		FC16CFAF2337D6EA00C647AE /* MyFavBands */ = {
			isa = PBXGroup;
			children = (
				FC16CFB02337D6EA00C647AE /* AppDelegate.swift */,
				FC16CFB22337D6EA00C647AE /* MasterViewController.swift */,
				FC16CFB42337D6EA00C647AE /* DetailViewController.swift */,
				FC16CFB62337D6EB00C647AE /* Main.storyboard */,
				FC16CFB92337D6EC00C647AE /* Assets.xcassets */,
				FC16CFBB2337D6EC00C647AE /* LaunchScreen.storyboard */,
				FC16CFBE2337D6EC00C647AE /* Info.plist */,
			);
			path = MyFavBands;
			sourceTree = "<group>";
		};
		FC16CFC52337DADA00C647AE /* images */ = {
			isa = PBXGroup;
			children = (
				FC16CFD72337EA2400C647AE /* Danny Phantom.jpg */,
				FC16CFD62337EA2400C647AE /* Simple Creatures.jpg */,
				FC16CFD92337EA2400C647AE /* St. Louis Cardinals.jpg */,
				FC16CFD82337EA2400C647AE /* Waterparks.jpg */,
				FC16CFCB2337DAF700C647AE /* 5 Seconds of Summer.jpg */,
				FC16CFC72337DAF700C647AE /* All Time Low.jpg */,
				FC16CFC62337DAF700C647AE /* Green Day.jpg */,
				FC16CFC82337DAF700C647AE /* Lamborghini Huracán.jpg */,
				FC16CFCD2337DAF700C647AE /* My Chemical Romance.jpg */,
				FC16CFCA2337DAF700C647AE /* Sleeping With Sirens.jpg */,
			);
			path = images;
			sourceTree = "<group>";
		};
/* End PBXGroup section */

/* Begin PBXNativeTarget section */
		FC16CFAC2337D6EA00C647AE /* MyFavBands */ = {
			isa = PBXNativeTarget;
			buildConfigurationList = FC16CFC12337D6EC00C647AE /* Build configuration list for PBXNativeTarget "MyFavBands" */;
			buildPhases = (
				FC16CFA92337D6EA00C647AE /* Sources */,
				FC16CFAA2337D6EA00C647AE /* Frameworks */,
				FC16CFAB2337D6EA00C647AE /* Resources */,
			);
			buildRules = (
			);
			dependencies = (
			);
			name = MyFavBands;
			productName = MyFavBands;
			productReference = FC16CFAD2337D6EA00C647AE /* MyFavBands.app */;
			productType = "com.apple.product-type.application";
		};
/* End PBXNativeTarget section */

/* Begin PBXProject section */
		FC16CFA52337D6EA00C647AE /* Project object */ = {
			isa = PBXProject;
			attributes = {
				LastSwiftUpdateCheck = 1020;
				LastUpgradeCheck = 1020;
				ORGANIZATIONNAME = "Samantha Thomas";
				TargetAttributes = {
					FC16CFAC2337D6EA00C647AE = {
						CreatedOnToolsVersion = 10.2.1;
					};
				};
			};
			buildConfigurationList = FC16CFA82337D6EA00C647AE /* Build configuration list for PBXProject "MyFavBands" */;
			compatibilityVersion = "Xcode 9.3";
			developmentRegion = en;
			hasScannedForEncodings = 0;
			knownRegions = (
				en,
				Base,
			);
			mainGroup = FC16CFA42337D6EA00C647AE;
			productRefGroup = FC16CFAE2337D6EA00C647AE /* Products */;
			projectDirPath = "";
			projectRoot = "";
			targets = (
				FC16CFAC2337D6EA00C647AE /* MyFavBands */,
			);
		};
/* End PBXProject section */

/* Begin PBXResourcesBuildPhase section */
		FC16CFAB2337D6EA00C647AE /* Resources */ = {
			isa = PBXResourcesBuildPhase;
			buildActionMask = 2147483647;
			files = (
				FC16CFBD2337D6EC00C647AE /* LaunchScreen.storyboard in Resources */,
				FC16CFDC2337EA2400C647AE /* Waterparks.jpg in Resources */,
				FC16CFD32337DAF700C647AE /* 5 Seconds of Summer.jpg in Resources */,
				FC16CFCF2337DAF700C647AE /* All Time Low.jpg in Resources */,
				FC16CFD02337DAF700C647AE /* Lamborghini Huracán.jpg in Resources */,
				FC16CFBA2337D6EC00C647AE /* Assets.xcassets in Resources */,
				FC16CFB82337D6EB00C647AE /* Main.storyboard in Resources */,
				FC16CFDD2337EA2400C647AE /* St. Louis Cardinals.jpg in Resources */,
				FC16CFCE2337DAF700C647AE /* Green Day.jpg in Resources */,
				FC16CFD52337DAF700C647AE /* My Chemical Romance.jpg in Resources */,
				FC16CFDB2337EA2400C647AE /* Danny Phantom.jpg in Resources */,
				FC16CFD22337DAF700C647AE /* Sleeping With Sirens.jpg in Resources */,
				FC16CFDA2337EA2400C647AE /* Simple Creatures.jpg in Resources */,
			);
			runOnlyForDeploymentPostprocessing = 0;
		};
/* End PBXResourcesBuildPhase section */

/* Begin PBXSourcesBuildPhase section */
		FC16CFA92337D6EA00C647AE /* Sources */ = {
			isa = PBXSourcesBuildPhase;
			buildActionMask = 2147483647;
			files = (
				FC16CFB52337D6EB00C647AE /* DetailViewController.swift in Sources */,
				FC16CFB32337D6EA00C647AE /* MasterViewController.swift in Sources */,
				FC16CFB12337D6EA00C647AE /* AppDelegate.swift in Sources */,
			);
			runOnlyForDeploymentPostprocessing = 0;
		};
/* End PBXSourcesBuildPhase section */

/* Begin PBXVariantGroup section */
		FC16CFB62337D6EB00C647AE /* Main.storyboard */ = {
			isa = PBXVariantGroup;
			children = (
				FC16CFB72337D6EB00C647AE /* Base */,
			);
			name = Main.storyboard;
			sourceTree = "<group>";
		};
		FC16CFBB2337D6EC00C647AE /* LaunchScreen.storyboard */ = {
			isa = PBXVariantGroup;
			children = (
				FC16CFBC2337D6EC00C647AE /* Base */,
			);
			name = LaunchScreen.storyboard;
			sourceTree = "<group>";
		};
/* End PBXVariantGroup section */

/* Begin XCBuildConfiguration section */
		FC16CFBF2337D6EC00C647AE /* Debug */ = {
			isa = XCBuildConfiguration;
			buildSettings = {
				ALWAYS_SEARCH_USER_PATHS = NO;
				CLANG_ANALYZER_NONNULL = YES;
				CLANG_ANALYZER_NUMBER_OBJECT_CONVERSION = YES_AGGRESSIVE;
				CLANG_CXX_LANGUAGE_STANDARD = "gnu++14";
				CLANG_CXX_LIBRARY = "libc++";
				CLANG_ENABLE_MODULES = YES;
				CLANG_ENABLE_OBJC_ARC = YES;
				CLANG_ENABLE_OBJC_WEAK = YES;
				CLANG_WARN_BLOCK_CAPTURE_AUTORELEASING = YES;
				CLANG_WARN_BOOL_CONVERSION = YES;
				CLANG_WARN_COMMA = YES;
				CLANG_WARN_CONSTANT_CONVERSION = YES;
				CLANG_WARN_DEPRECATED_OBJC_IMPLEMENTATIONS = YES;
				CLANG_WARN_DIRECT_OBJC_ISA_USAGE = YES_ERROR;
				CLANG_WARN_DOCUMENTATION_COMMENTS = YES;
				CLANG_WARN_EMPTY_BODY = YES;
				CLANG_WARN_ENUM_CONVERSION = YES;
				CLANG_WARN_INFINITE_RECURSION = YES;
				CLANG_WARN_INT_CONVERSION = YES;
				CLANG_WARN_NON_LITERAL_NULL_CONVERSION = YES;
				CLANG_WARN_OBJC_IMPLICIT_RETAIN_SELF = YES;
				CLANG_WARN_OBJC_LITERAL_CONVERSION = YES;
				CLANG_WARN_OBJC_ROOT_CLASS = YES_ERROR;
				CLANG_WARN_RANGE_LOOP_ANALYSIS = YES;
				CLANG_WARN_STRICT_PROTOTYPES = YES;
				CLANG_WARN_SUSPICIOUS_MOVE = YES;
				CLANG_WARN_UNGUARDED_AVAILABILITY = YES_AGGRESSIVE;
				CLANG_WARN_UNREACHABLE_CODE = YES;
				CLANG_WARN__DUPLICATE_METHOD_MATCH = YES;
				CODE_SIGN_IDENTITY = "iPhone Developer";
				COPY_PHASE_STRIP = NO;
				DEBUG_INFORMATION_FORMAT = dwarf;
				ENABLE_STRICT_OBJC_MSGSEND = YES;
				ENABLE_TESTABILITY = YES;
				GCC_C_LANGUAGE_STANDARD = gnu11;
				GCC_DYNAMIC_NO_PIC = NO;
				GCC_NO_COMMON_BLOCKS = YES;
				GCC_OPTIMIZATION_LEVEL = 0;
				GCC_PREPROCESSOR_DEFINITIONS = (
					"DEBUG=1",
					"$(inherited)",
				);
				GCC_WARN_64_TO_32_BIT_CONVERSION = YES;
				GCC_WARN_ABOUT_RETURN_TYPE = YES_ERROR;
				GCC_WARN_UNDECLARED_SELECTOR = YES;
				GCC_WARN_UNINITIALIZED_AUTOS = YES_AGGRESSIVE;
				GCC_WARN_UNUSED_FUNCTION = YES;
				GCC_WARN_UNUSED_VARIABLE = YES;
				IPHONEOS_DEPLOYMENT_TARGET = 12.2;
				MTL_ENABLE_DEBUG_INFO = INCLUDE_SOURCE;
				MTL_FAST_MATH = YES;
				ONLY_ACTIVE_ARCH = YES;
				SDKROOT = iphoneos;
				SWIFT_ACTIVE_COMPILATION_CONDITIONS = DEBUG;
				SWIFT_OPTIMIZATION_LEVEL = "-Onone";
			};
			name = Debug;
		};
		FC16CFC02337D6EC00C647AE /* Release */ = {
			isa = XCBuildConfiguration;
			buildSettings = {
				ALWAYS_SEARCH_USER_PATHS = NO;
				CLANG_ANALYZER_NONNULL = YES;
				CLANG_ANALYZER_NUMBER_OBJECT_CONVERSION = YES_AGGRESSIVE;
				CLANG_CXX_LANGUAGE_STANDARD = "gnu++14";
				CLANG_CXX_LIBRARY = "libc++";
				CLANG_ENABLE_MODULES = YES;
				CLANG_ENABLE_OBJC_ARC = YES;
				CLANG_ENABLE_OBJC_WEAK = YES;
				CLANG_WARN_BLOCK_CAPTURE_AUTORELEASING = YES;
				CLANG_WARN_BOOL_CONVERSION = YES;
				CLANG_WARN_COMMA = YES;
				CLANG_WARN_CONSTANT_CONVERSION = YES;
				CLANG_WARN_DEPRECATED_OBJC_IMPLEMENTATIONS = YES;
				CLANG_WARN_DIRECT_OBJC_ISA_USAGE = YES_ERROR;
				CLANG_WARN_DOCUMENTATION_COMMENTS = YES;
				CLANG_WARN_EMPTY_BODY = YES;
				CLANG_WARN_ENUM_CONVERSION = YES;
				CLANG_WARN_INFINITE_RECURSION = YES;
				CLANG_WARN_INT_CONVERSION = YES;
				CLANG_WARN_NON_LITERAL_NULL_CONVERSION = YES;
				CLANG_WARN_OBJC_IMPLICIT_RETAIN_SELF = YES;
				CLANG_WARN_OBJC_LITERAL_CONVERSION = YES;
				CLANG_WARN_OBJC_ROOT_CLASS = YES_ERROR;
				CLANG_WARN_RANGE_LOOP_ANALYSIS = YES;
				CLANG_WARN_STRICT_PROTOTYPES = YES;
				CLANG_WARN_SUSPICIOUS_MOVE = YES;
				CLANG_WARN_UNGUARDED_AVAILABILITY = YES_AGGRESSIVE;
				CLANG_WARN_UNREACHABLE_CODE = YES;
				CLANG_WARN__DUPLICATE_METHOD_MATCH = YES;
				CODE_SIGN_IDENTITY = "iPhone Developer";
				COPY_PHASE_STRIP = NO;
				DEBUG_INFORMATION_FORMAT = "dwarf-with-dsym";
				ENABLE_NS_ASSERTIONS = NO;
				ENABLE_STRICT_OBJC_MSGSEND = YES;
				GCC_C_LANGUAGE_STANDARD = gnu11;
				GCC_NO_COMMON_BLOCKS = YES;
				GCC_WARN_64_TO_32_BIT_CONVERSION = YES;
				GCC_WARN_ABOUT_RETURN_TYPE = YES_ERROR;
				GCC_WARN_UNDECLARED_SELECTOR = YES;
				GCC_WARN_UNINITIALIZED_AUTOS = YES_AGGRESSIVE;
				GCC_WARN_UNUSED_FUNCTION = YES;
				GCC_WARN_UNUSED_VARIABLE = YES;
				IPHONEOS_DEPLOYMENT_TARGET = 12.2;
				MTL_ENABLE_DEBUG_INFO = NO;
				MTL_FAST_MATH = YES;
				SDKROOT = iphoneos;
				SWIFT_COMPILATION_MODE = wholemodule;
				SWIFT_OPTIMIZATION_LEVEL = "-O";
				VALIDATE_PRODUCT = YES;
			};
			name = Release;
		};
		FC16CFC22337D6EC00C647AE /* Debug */ = {
			isa = XCBuildConfiguration;
			buildSettings = {
				ASSETCATALOG_COMPILER_APPICON_NAME = AppIcon;
				CODE_SIGN_STYLE = Automatic;
				INFOPLIST_FILE = MyFavBands/Info.plist;
				LD_RUNPATH_SEARCH_PATHS = (
					"$(inherited)",
					"@executable_path/Frameworks",
				);
				PRODUCT_BUNDLE_IDENTIFIER = edu.rockvalleycollege.MyFavBands;
				PRODUCT_NAME = "$(TARGET_NAME)";
				SWIFT_VERSION = 5.0;
				TARGETED_DEVICE_FAMILY = "1,2";
			};
			name = Debug;
		};
		FC16CFC32337D6EC00C647AE /* Release */ = {
			isa = XCBuildConfiguration;
			buildSettings = {
				ASSETCATALOG_COMPILER_APPICON_NAME = AppIcon;
				CODE_SIGN_STYLE = Automatic;
				INFOPLIST_FILE = MyFavBands/Info.plist;
				LD_RUNPATH_SEARCH_PATHS = (
					"$(inherited)",
					"@executable_path/Frameworks",
				);
				PRODUCT_BUNDLE_IDENTIFIER = edu.rockvalleycollege.MyFavBands;
				PRODUCT_NAME = "$(TARGET_NAME)";
				SWIFT_VERSION = 5.0;
				TARGETED_DEVICE_FAMILY = "1,2";
			};
			name = Release;
		};
/* End XCBuildConfiguration section */

/* Begin XCConfigurationList section */
		FC16CFA82337D6EA00C647AE /* Build configuration list for PBXProject "MyFavBands" */ = {
			isa = XCConfigurationList;
			buildConfigurations = (
				FC16CFBF2337D6EC00C647AE /* Debug */,
				FC16CFC02337D6EC00C647AE /* Release */,
			);
			defaultConfigurationIsVisible = 0;
			defaultConfigurationName = Release;
		};
		FC16CFC12337D6EC00C647AE /* Build configuration list for PBXNativeTarget "MyFavBands" */ = {
			isa = XCConfigurationList;
			buildConfigurations = (
				FC16CFC22337D6EC00C647AE /* Debug */,
				FC16CFC32337D6EC00C647AE /* Release */,
			);
			defaultConfigurationIsVisible = 0;
			defaultConfigurationName = Release;
		};
/* End XCConfigurationList section */
	};
	rootObject = FC16CFA52337D6EA00C647AE /* Project object */;
}
